
Microsoft Visual Studio Solution File, Format Version 12.00
# Visual Studio Version 17
VisualStudioVersion = 17.6.33829.357
MinimumVisualStudioVersion = 10.0.40219.1
Project("{FAE04EC0-301F-11D3-BF4B-00C04F79EFBC}") = "latihanuks", "latihanuks.csproj", "{C2677FC9-A09A-434B-8DC2-306D9B13D64A}"
EndProject
Global
	GlobalSection(SolutionConfigurationPlatforms) = preSolution
		Debug|Any CPU = Debug|Any CPU
		Release|Any CPU = Release|Any CPU
	EndGlobalSection
	GlobalSection(ProjectConfigurationPlatforms) = postSolution
		{C2677FC9-A09A-434B-8DC2-306D9B13D64A}.Debug|Any CPU.ActiveCfg = Debug|Any CPU
		{C2677FC9-A09A-434B-8DC2-306D9B13D64A}.Debug|Any CPU.Build.0 = Debug|Any CPU
		{C2677FC9-A09A-434B-8DC2-306D9B13D64A}.Release|Any CPU.ActiveCfg = Release|Any CPU
		{C2677FC9-A09A-434B-8DC2-306D9B13D64A}.Release|Any CPU.Build.0 = Release|Any CPU
	EndGlobalSection
	GlobalSection(SolutionProperties) = preSolution
		HideSolutionNode = FALSE
	EndGlobalSection
	GlobalSection(ExtensibilityGlobals) = postSolution
		SolutionGuid = {E2BC664C-4C30-448F-A3DF-2FB20D95C6D3}
	EndGlobalSection
EndGlobal
